
Microsoft Visual Studio Solution File, Format Version 12.00
# Visual Studio Version 17
VisualStudioVersion = 17.3.32929.385
MinimumVisualStudioVersion = 10.0.40219.1
Project("{9A19103F-16F7-4668-BE54-9A1E7A4F7556}") = "MazOrganization", "MazOrganization\MazOrganization.csproj", "{BCA22E72-5DCB-4305-89CB-792F2D448A2C}"
EndProject
Project("{9A19103F-16F7-4668-BE54-9A1E7A4F7556}") = "PersianTranslation", "..\PersianTranslation\PersianTranslation\PersianTranslation.csproj", "{555FFCB8-2D74-49BC-876C-2518E4B74120}"
EndProject
Global
	GlobalSection(SolutionConfigurationPlatforms) = preSolution
		Debug|Any CPU = Debug|Any CPU
		Release|Any CPU = Release|Any CPU
	EndGlobalSection
	GlobalSection(ProjectConfigurationPlatforms) = postSolution
		{BCA22E72-5DCB-4305-89CB-792F2D448A2C}.Debug|Any CPU.ActiveCfg = Debug|Any CPU
		{BCA22E72-5DCB-4305-89CB-792F2D448A2C}.Debug|Any CPU.Build.0 = Debug|Any CPU
		{BCA22E72-5DCB-4305-89CB-792F2D448A2C}.Release|Any CPU.ActiveCfg = Release|Any CPU
		{BCA22E72-5DCB-4305-89CB-792F2D448A2C}.Release|Any CPU.Build.0 = Release|Any CPU
		{555FFCB8-2D74-49BC-876C-2518E4B74120}.Debug|Any CPU.ActiveCfg = Debug|Any CPU
		{555FFCB8-2D74-49BC-876C-2518E4B74120}.Debug|Any CPU.Build.0 = Debug|Any CPU
		{555FFCB8-2D74-49BC-876C-2518E4B74120}.Release|Any CPU.ActiveCfg = Release|Any CPU
		{555FFCB8-2D74-49BC-876C-2518E4B74120}.Release|Any CPU.Build.0 = Release|Any CPU
	EndGlobalSection
	GlobalSection(SolutionProperties) = preSolution
		HideSolutionNode = FALSE
	EndGlobalSection
	GlobalSection(ExtensibilityGlobals) = postSolution
		SolutionGuid = {BF0165ED-1BBA-46FD-A490-F74EF60AA1ED}
	EndGlobalSection
EndGlobal
